
Microsoft Visual Studio Solution File, Format Version 12.00
# Visual Studio Version 17
VisualStudioVersion = 17.7.34221.43
MinimumVisualStudioVersion = 10.0.40219.1
Project("{FAE04EC0-301F-11D3-BF4B-00C04F79EFBC}") = "ReflectionDemo", "ReflectionDemo\ReflectionDemo.csproj", "{EB9941D0-8990-4676-9B73-1C2644E923D1}"
EndProject
Global
	GlobalSection(SolutionConfigurationPlatforms) = preSolution
		Debug|Any CPU = Debug|Any CPU
		Release|Any CPU = Release|Any CPU
	EndGlobalSection
	GlobalSection(ProjectConfigurationPlatforms) = postSolution
		{EB9941D0-8990-4676-9B73-1C2644E923D1}.Debug|Any CPU.ActiveCfg = Debug|Any CPU
		{EB9941D0-8990-4676-9B73-1C2644E923D1}.Debug|Any CPU.Build.0 = Debug|Any CPU
		{EB9941D0-8990-4676-9B73-1C2644E923D1}.Release|Any CPU.ActiveCfg = Release|Any CPU
		{EB9941D0-8990-4676-9B73-1C2644E923D1}.Release|Any CPU.Build.0 = Release|Any CPU
	EndGlobalSection
	GlobalSection(SolutionProperties) = preSolution
		HideSolutionNode = FALSE
	EndGlobalSection
	GlobalSection(ExtensibilityGlobals) = postSolution
		SolutionGuid = {034894C8-EB28-47A6-8283-15842D06A3FC}
	EndGlobalSection
EndGlobal
